{
    "version": 3,
    "terraform_version": "0.7.7",
    "serial": 6,
    "lineage": "0d8e706d-f19e-4d04-a6ee-6aae47824270",
    "modules": [
        {
            "path": [
                "root"
            ],
            "outputs": {
                "addresses": {
                    "sensitive": false,
                    "type": "list",
                    "value": [
                        "54.214.200.97"
                    ]
                }
            },
            "resources": {
                "aws_instance.fastfish": {
                    "type": "aws_instance",
                    "depends_on": [
                        "data.aws_ami.ubuntu"
                    ],
                    "primary": {
                        "id": "i-661bda39",
                        "attributes": {
                            "ami": "ami-38f25658",
                            "associate_public_ip_address": "true",
                            "availability_zone": "us-west-2a",
                            "disable_api_termination": "false",
                            "ebs_block_device.#": "0",
                            "ebs_optimized": "false",
                            "ephemeral_block_device.#": "0",
                            "iam_instance_profile": "",
                            "id": "i-661bda39",
                            "instance_state": "running",
                            "instance_type": "t1.micro",
                            "key_name": "ubuntu_forerunners",
                            "monitoring": "false",
                            "network_interface_id": "eni-6299e323",
                            "private_dns": "ip-172-31-47-102.us-west-2.compute.internal",
                            "private_ip": "172.31.47.102",
                            "public_dns": "ec2-54-214-200-97.us-west-2.compute.amazonaws.com",
                            "public_ip": "54.214.200.97",
                            "root_block_device.#": "1",
                            "root_block_device.0.delete_on_termination": "true",
                            "root_block_device.0.iops": "0",
                            "root_block_device.0.volume_size": "8",
                            "root_block_device.0.volume_type": "standard",
                            "security_groups.#": "0",
                            "source_dest_check": "true",
                            "subnet_id": "subnet-00659876",
                            "tags.%": "1",
                            "tags.Name": "test",
                            "tenancy": "default",
                            "vpc_security_group_ids.#": "1",
                            "vpc_security_group_ids.2593813299": "sg-7e2f7919"
                        },
                        "meta": {
                            "schema_version": "1"
                        },
                        "tainted": false
                    },
                    "deposed": [],
                    "provider": ""
                },
                "data.aws_ami.ubuntu": {
                    "type": "aws_ami",
                    "depends_on": [],
                    "primary": {
                        "id": "ami-38f25658",
                        "attributes": {
                            "architecture": "x86_64",
                            "block_device_mappings.#": "2",
                            "block_device_mappings.1634610537.device_name": "/dev/sdb",
                            "block_device_mappings.1634610537.ebs.%": "0",
                            "block_device_mappings.1634610537.no_device": "",
                            "block_device_mappings.1634610537.virtual_name": "ephemeral0",
                            "block_device_mappings.4184906282.device_name": "/dev/sda1",
                            "block_device_mappings.4184906282.ebs.%": "6",
                            "block_device_mappings.4184906282.ebs.delete_on_termination": "true",
                            "block_device_mappings.4184906282.ebs.encrypted": "false",
                            "block_device_mappings.4184906282.ebs.iops": "0",
                            "block_device_mappings.4184906282.ebs.snapshot_id": "snap-4a72c664",
                            "block_device_mappings.4184906282.ebs.volume_size": "8",
                            "block_device_mappings.4184906282.ebs.volume_type": "standard",
                            "block_device_mappings.4184906282.no_device": "",
                            "block_device_mappings.4184906282.virtual_name": "",
                            "creation_date": "2016-10-20T23:13:42.000Z",
                            "filter.#": "2",
                            "filter.400084487.name": "virtualization-type",
                            "filter.400084487.values.#": "1",
                            "filter.400084487.values.0": "paravirtual",
                            "filter.4206401101.name": "name",
                            "filter.4206401101.values.#": "1",
                            "filter.4206401101.values.0": "ubuntu/images/ebs/ubuntu-trusty-14.04-amd64-server-*",
                            "hypervisor": "xen",
                            "id": "ami-38f25658",
                            "image_id": "ami-38f25658",
                            "image_location": "099720109477/ubuntu/images/ebs/ubuntu-trusty-14.04-amd64-server-20161020",
                            "image_type": "machine",
                            "kernel_id": "aki-fc8f11cc",
                            "most_recent": "true",
                            "name": "ubuntu/images/ebs/ubuntu-trusty-14.04-amd64-server-20161020",
                            "owner_id": "099720109477",
                            "product_codes.#": "0",
                            "public": "true",
                            "root_device_name": "/dev/sda1",
                            "root_device_type": "ebs",
                            "state": "available",
                            "state_reason.%": "2",
                            "state_reason.code": "UNSET",
                            "state_reason.message": "UNSET",
                            "tags.#": "0",
                            "virtualization_type": "paravirtual"
                        },
                        "meta": {},
                        "tainted": false
                    },
                    "deposed": [],
                    "provider": ""
                }
            },
            "depends_on": []
        }
    ]
}
